
Microsoft Visual Studio Solution File, Format Version 12.00
# Visual Studio 2013
VisualStudioVersion = 12.0.21005.1
MinimumVisualStudioVersion = 10.0.40219.1
Project("{FAE04EC0-301F-11D3-BF4B-00C04F79EFBC}") = "Skytex", "Skytex\Skytex.csproj", "{AC118AB4-B07B-4F76-AA01-BF24F814268C}"
EndProject
Project("{FAE04EC0-301F-11D3-BF4B-00C04F79EFBC}") = "WebAppSkytex.AccesoDatos", "AccesoDatos\WebAppSkytex.AccesoDatos.csproj", "{62AD61A2-2476-4B08-8B67-15786DB9348F}"
EndProject
Project("{FAE04EC0-301F-11D3-BF4B-00C04F79EFBC}") = "WebAppSkytex.Entidades", "Skytex.Entidades\WebAppSkytex.Entidades.csproj", "{58831099-C9F2-445F-9FE6-76C80555A7B1}"
EndProject
Project("{FAE04EC0-301F-11D3-BF4B-00C04F79EFBC}") = "WebAppSkytex.LogicaNegocio", "Skytex.LogicaNegocio\WebAppSkytex.LogicaNegocio.csproj", "{7D40879E-187E-4C70-A3EE-5095F84DB7D7}"
EndProject
Global
	GlobalSection(SolutionConfigurationPlatforms) = preSolution
		Debug|Any CPU = Debug|Any CPU
		Release|Any CPU = Release|Any CPU
	EndGlobalSection
	GlobalSection(ProjectConfigurationPlatforms) = postSolution
		{AC118AB4-B07B-4F76-AA01-BF24F814268C}.Debug|Any CPU.ActiveCfg = Debug|Any CPU
		{AC118AB4-B07B-4F76-AA01-BF24F814268C}.Debug|Any CPU.Build.0 = Debug|Any CPU
		{AC118AB4-B07B-4F76-AA01-BF24F814268C}.Release|Any CPU.ActiveCfg = Release|Any CPU
		{AC118AB4-B07B-4F76-AA01-BF24F814268C}.Release|Any CPU.Build.0 = Release|Any CPU
		{62AD61A2-2476-4B08-8B67-15786DB9348F}.Debug|Any CPU.ActiveCfg = Debug|Any CPU
		{62AD61A2-2476-4B08-8B67-15786DB9348F}.Debug|Any CPU.Build.0 = Debug|Any CPU
		{62AD61A2-2476-4B08-8B67-15786DB9348F}.Release|Any CPU.ActiveCfg = Release|Any CPU
		{62AD61A2-2476-4B08-8B67-15786DB9348F}.Release|Any CPU.Build.0 = Release|Any CPU
		{58831099-C9F2-445F-9FE6-76C80555A7B1}.Debug|Any CPU.ActiveCfg = Debug|Any CPU
		{58831099-C9F2-445F-9FE6-76C80555A7B1}.Debug|Any CPU.Build.0 = Debug|Any CPU
		{58831099-C9F2-445F-9FE6-76C80555A7B1}.Release|Any CPU.ActiveCfg = Release|Any CPU
		{58831099-C9F2-445F-9FE6-76C80555A7B1}.Release|Any CPU.Build.0 = Release|Any CPU
		{7D40879E-187E-4C70-A3EE-5095F84DB7D7}.Debug|Any CPU.ActiveCfg = Debug|Any CPU
		{7D40879E-187E-4C70-A3EE-5095F84DB7D7}.Debug|Any CPU.Build.0 = Debug|Any CPU
		{7D40879E-187E-4C70-A3EE-5095F84DB7D7}.Release|Any CPU.ActiveCfg = Release|Any CPU
		{7D40879E-187E-4C70-A3EE-5095F84DB7D7}.Release|Any CPU.Build.0 = Release|Any CPU
	EndGlobalSection
	GlobalSection(SolutionProperties) = preSolution
		HideSolutionNode = FALSE
	EndGlobalSection
EndGlobal
